// !$*UTF8*$!
{
	archiveVersion = 1;
	classes = {
	};
	objectVersion = 54;
	objects = {

/* Begin PBXBuildFile section */
		00E356F31AD99517003FC87E /* dleeganportfolioTests.m in Sources */ = {isa = PBXBuildFile; fileRef = 00E356F21AD99517003FC87E /* dleeganportfolioTests.m */; };
		0C80B921A6F3F58F76C31292 /* libPods-dleeganportfolio.a in Frameworks */ = {isa = PBXBuildFile; fileRef = 5DCACB8F33CDC322A6C60F78 /* libPods-dleeganportfolio.a */; };
		13B07FBC1A68108700A75B9A /* AppDelegate.mm in Sources */ = {isa = PBXBuildFile; fileRef = 13B07FB01A68108700A75B9A /* AppDelegate.mm */; };
		13B07FBF1A68108700A75B9A /* Images.xcassets in Resources */ = {isa = PBXBuildFile; fileRef = 13B07FB51A68108700A75B9A /* Images.xcassets */; };
		13B07FC11A68108700A75B9A /* main.m in Sources */ = {isa = PBXBuildFile; fileRef = 13B07FB71A68108700A75B9A /* main.m */; };
		7699B88040F8A987B510C191 /* libPods-dleeganportfolio-dleeganportfolioTests.a in Frameworks */ = {isa = PBXBuildFile; fileRef = 19F6CBCC0A4E27FBF8BF4A61 /* libPods-dleeganportfolio-dleeganportfolioTests.a */; };
		81AB9BB82411601600AC10FF /* LaunchScreen.storyboard in Resources */ = {isa = PBXBuildFile; fileRef = 81AB9BB72411601600AC10FF /* LaunchScreen.storyboard */; };
		A24BDFD021784A86AEB0CF1E /* JetBrainsMono-Bold.ttf in Resources */ = {isa = PBXBuildFile; fileRef = 4634D3A27FF54396B62F4493 /* JetBrainsMono-Bold.ttf */; };
		D352642B9C4B4F2E91977C46 /* JetBrainsMono-BoldItalic.ttf in Resources */ = {isa = PBXBuildFile; fileRef = CE9581EF5B814D6781025C47 /* JetBrainsMono-BoldItalic.ttf */; };
		02C42FF977FD4C0DB6428B3A /* JetBrainsMono-ExtraBold.ttf in Resources */ = {isa = PBXBuildFile; fileRef = 64B1A6B95FBD49C986EDC36A /* JetBrainsMono-ExtraBold.ttf */; };
		1FDED347CA924458A5151A56 /* JetBrainsMono-ExtraBoldItalic.ttf in Resources */ = {isa = PBXBuildFile; fileRef = 965E4F7B72D74825A68AD0FD /* JetBrainsMono-ExtraBoldItalic.ttf */; };
		8918574C6C5B4284A5412C76 /* JetBrainsMono-ExtraLight.ttf in Resources */ = {isa = PBXBuildFile; fileRef = 11834AC9CF9A426AB16B16AC /* JetBrainsMono-ExtraLight.ttf */; };
		0D1B39F2DA3C4513AE443479 /* JetBrainsMono-ExtraLightItalic.ttf in Resources */ = {isa = PBXBuildFile; fileRef = FD6FDC1FE0EF4BA0BBA56B9C /* JetBrainsMono-ExtraLightItalic.ttf */; };
		CF3FBD5BC61B4EB58B0067CE /* JetBrainsMono-Italic.ttf in Resources */ = {isa = PBXBuildFile; fileRef = B0A96F0625FC4B94AA79F376 /* JetBrainsMono-Italic.ttf */; };
		7FC0A4A6BA354687A5D8FA41 /* JetBrainsMono-Light.ttf in Resources */ = {isa = PBXBuildFile; fileRef = 1CEA94EE8F1D4985BAE391B5 /* JetBrainsMono-Light.ttf */; };
		CE7A23E1E08F40E5B40C382A /* JetBrainsMono-LightItalic.ttf in Resources */ = {isa = PBXBuildFile; fileRef = 85A8A5FB80744DA7916315B6 /* JetBrainsMono-LightItalic.ttf */; };
		5E9A7768CCFF4DFA98EC2FD0 /* JetBrainsMono-Medium.ttf in Resources */ = {isa = PBXBuildFile; fileRef = C841ED2548F4488586FAD8CD /* JetBrainsMono-Medium.ttf */; };
		67DA33859E3F41A6A780F331 /* JetBrainsMono-MediumItalic.ttf in Resources */ = {isa = PBXBuildFile; fileRef = A4A516D26175424B97A71253 /* JetBrainsMono-MediumItalic.ttf */; };
		F04DB5C2F9494C0EB8A8D6EE /* JetBrainsMono-Regular.ttf in Resources */ = {isa = PBXBuildFile; fileRef = 7B48EBF8D80C4C73BF9B7010 /* JetBrainsMono-Regular.ttf */; };
		949BE182BAEF4497ADF9C404 /* JetBrainsMono-SemiBold.ttf in Resources */ = {isa = PBXBuildFile; fileRef = CDCCB0B7F9004B3B825F1E56 /* JetBrainsMono-SemiBold.ttf */; };
		F3FC83F669A949388C003BEF /* JetBrainsMono-SemiBoldItalic.ttf in Resources */ = {isa = PBXBuildFile; fileRef = 93E988C20CB14B4583102E24 /* JetBrainsMono-SemiBoldItalic.ttf */; };
		AB4EED63261A45F4902137D2 /* JetBrainsMono-Thin.ttf in Resources */ = {isa = PBXBuildFile; fileRef = CA93DB1E51894B5690F17A24 /* JetBrainsMono-Thin.ttf */; };
		363F65DA3F2B4849B214F58E /* JetBrainsMono-ThinItalic.ttf in Resources */ = {isa = PBXBuildFile; fileRef = 678C380181484C46A75673CB /* JetBrainsMono-ThinItalic.ttf */; };
		404077D3FB044835BEDBA55D /* JetBrainsMonoNL-Bold.ttf in Resources */ = {isa = PBXBuildFile; fileRef = 5E5F7E9E66634D5DA5FBE539 /* JetBrainsMonoNL-Bold.ttf */; };
		3B618A3EA1E6493BA9653590 /* JetBrainsMonoNL-BoldItalic.ttf in Resources */ = {isa = PBXBuildFile; fileRef = 3EDEF7A331CF40FF9FECE2A5 /* JetBrainsMonoNL-BoldItalic.ttf */; };
		9EF5A5E832004DE39CF87670 /* JetBrainsMonoNL-ExtraBold.ttf in Resources */ = {isa = PBXBuildFile; fileRef = F514FDA291304A55ACB18516 /* JetBrainsMonoNL-ExtraBold.ttf */; };
		FAF1660AF1F3423EA9789792 /* JetBrainsMonoNL-ExtraBoldItalic.ttf in Resources */ = {isa = PBXBuildFile; fileRef = F6214CD5E4EB48E993AAE620 /* JetBrainsMonoNL-ExtraBoldItalic.ttf */; };
		0511942DED5140F4AE49A54A /* JetBrainsMonoNL-ExtraLight.ttf in Resources */ = {isa = PBXBuildFile; fileRef = D59AF01EA2284EBA88F505A9 /* JetBrainsMonoNL-ExtraLight.ttf */; };
		8AE010E4F3D547F399CA6C05 /* JetBrainsMonoNL-ExtraLightItalic.ttf in Resources */ = {isa = PBXBuildFile; fileRef = 30452CD8BFB4472E8535534C /* JetBrainsMonoNL-ExtraLightItalic.ttf */; };
		85AD2935C7A24CD3BDC30930 /* JetBrainsMonoNL-Italic.ttf in Resources */ = {isa = PBXBuildFile; fileRef = 61D579A90E9E402494F39907 /* JetBrainsMonoNL-Italic.ttf */; };
		D7ED4205F720440EB393D603 /* JetBrainsMonoNL-Light.ttf in Resources */ = {isa = PBXBuildFile; fileRef = 368ACF031841437BAAED5298 /* JetBrainsMonoNL-Light.ttf */; };
		25882DE37E4A4A60A5674F5C /* JetBrainsMonoNL-LightItalic.ttf in Resources */ = {isa = PBXBuildFile; fileRef = 1B96C974C185455B898FCF16 /* JetBrainsMonoNL-LightItalic.ttf */; };
		B71D11EBD7794E03887EFB86 /* JetBrainsMonoNL-Medium.ttf in Resources */ = {isa = PBXBuildFile; fileRef = 65199B91FDB6412BB9E48452 /* JetBrainsMonoNL-Medium.ttf */; };
		679D469C12864F3EA5BA1FDA /* JetBrainsMonoNL-MediumItalic.ttf in Resources */ = {isa = PBXBuildFile; fileRef = A74A3FC2EDEC474D8085E31A /* JetBrainsMonoNL-MediumItalic.ttf */; };
		B4F40FC5F7B24A849D8C6643 /* JetBrainsMonoNL-Regular.ttf in Resources */ = {isa = PBXBuildFile; fileRef = 094F1FB9FAAB4EA48F6B56AA /* JetBrainsMonoNL-Regular.ttf */; };
		C817F133D6F844D6BB5A8A73 /* JetBrainsMonoNL-SemiBold.ttf in Resources */ = {isa = PBXBuildFile; fileRef = 5A51F75068634D92BC0FCB94 /* JetBrainsMonoNL-SemiBold.ttf */; };
		ADDBF25BACA84D079B6FBC6A /* JetBrainsMonoNL-SemiBoldItalic.ttf in Resources */ = {isa = PBXBuildFile; fileRef = 5281C63E74BE4674A01D6931 /* JetBrainsMonoNL-SemiBoldItalic.ttf */; };
		FDE20C29B854407484264487 /* JetBrainsMonoNL-Thin.ttf in Resources */ = {isa = PBXBuildFile; fileRef = 1FA2649CF2624716A0CE875C /* JetBrainsMonoNL-Thin.ttf */; };
		39FCD538523E47828CD361C3 /* JetBrainsMonoNL-ThinItalic.ttf in Resources */ = {isa = PBXBuildFile; fileRef = 6F16D34A15494CE0BD25259C /* JetBrainsMonoNL-ThinItalic.ttf */; };
/* End PBXBuildFile section */

/* Begin PBXContainerItemProxy section */
		00E356F41AD99517003FC87E /* PBXContainerItemProxy */ = {
			isa = PBXContainerItemProxy;
			containerPortal = 83CBB9F71A601CBA00E9B192 /* Project object */;
			proxyType = 1;
			remoteGlobalIDString = 13B07F861A680F5B00A75B9A;
			remoteInfo = dleeganportfolio;
		};
/* End PBXContainerItemProxy section */

/* Begin PBXFileReference section */
		00E356EE1AD99517003FC87E /* dleeganportfolioTests.xctest */ = {isa = PBXFileReference; explicitFileType = wrapper.cfbundle; includeInIndex = 0; path = dleeganportfolioTests.xctest; sourceTree = BUILT_PRODUCTS_DIR; };
		00E356F11AD99517003FC87E /* Info.plist */ = {isa = PBXFileReference; lastKnownFileType = text.plist.xml; path = Info.plist; sourceTree = "<group>"; };
		00E356F21AD99517003FC87E /* dleeganportfolioTests.m */ = {isa = PBXFileReference; lastKnownFileType = sourcecode.c.objc; path = dleeganportfolioTests.m; sourceTree = "<group>"; };
		13B07F961A680F5B00A75B9A /* dleeganportfolio.app */ = {isa = PBXFileReference; explicitFileType = wrapper.application; includeInIndex = 0; path = dleeganportfolio.app; sourceTree = BUILT_PRODUCTS_DIR; };
		13B07FAF1A68108700A75B9A /* AppDelegate.h */ = {isa = PBXFileReference; fileEncoding = 4; lastKnownFileType = sourcecode.c.h; name = AppDelegate.h; path = dleeganportfolio/AppDelegate.h; sourceTree = "<group>"; };
		13B07FB01A68108700A75B9A /* AppDelegate.mm */ = {isa = PBXFileReference; fileEncoding = 4; lastKnownFileType = sourcecode.cpp.objcpp; name = AppDelegate.mm; path = dleeganportfolio/AppDelegate.mm; sourceTree = "<group>"; };
		13B07FB51A68108700A75B9A /* Images.xcassets */ = {isa = PBXFileReference; lastKnownFileType = folder.assetcatalog; name = Images.xcassets; path = dleeganportfolio/Images.xcassets; sourceTree = "<group>"; };
		13B07FB61A68108700A75B9A /* Info.plist */ = {isa = PBXFileReference; fileEncoding = 4; lastKnownFileType = text.plist.xml; name = Info.plist; path = dleeganportfolio/Info.plist; sourceTree = "<group>"; };
		13B07FB71A68108700A75B9A /* main.m */ = {isa = PBXFileReference; fileEncoding = 4; lastKnownFileType = sourcecode.c.objc; name = main.m; path = dleeganportfolio/main.m; sourceTree = "<group>"; };
		19F6CBCC0A4E27FBF8BF4A61 /* libPods-dleeganportfolio-dleeganportfolioTests.a */ = {isa = PBXFileReference; explicitFileType = archive.ar; includeInIndex = 0; path = "libPods-dleeganportfolio-dleeganportfolioTests.a"; sourceTree = BUILT_PRODUCTS_DIR; };
		3B4392A12AC88292D35C810B /* Pods-dleeganportfolio.debug.xcconfig */ = {isa = PBXFileReference; includeInIndex = 1; lastKnownFileType = text.xcconfig; name = "Pods-dleeganportfolio.debug.xcconfig"; path = "Target Support Files/Pods-dleeganportfolio/Pods-dleeganportfolio.debug.xcconfig"; sourceTree = "<group>"; };
		5709B34CF0A7D63546082F79 /* Pods-dleeganportfolio.release.xcconfig */ = {isa = PBXFileReference; includeInIndex = 1; lastKnownFileType = text.xcconfig; name = "Pods-dleeganportfolio.release.xcconfig"; path = "Target Support Files/Pods-dleeganportfolio/Pods-dleeganportfolio.release.xcconfig"; sourceTree = "<group>"; };
		5B7EB9410499542E8C5724F5 /* Pods-dleeganportfolio-dleeganportfolioTests.debug.xcconfig */ = {isa = PBXFileReference; includeInIndex = 1; lastKnownFileType = text.xcconfig; name = "Pods-dleeganportfolio-dleeganportfolioTests.debug.xcconfig"; path = "Target Support Files/Pods-dleeganportfolio-dleeganportfolioTests/Pods-dleeganportfolio-dleeganportfolioTests.debug.xcconfig"; sourceTree = "<group>"; };
		5DCACB8F33CDC322A6C60F78 /* libPods-dleeganportfolio.a */ = {isa = PBXFileReference; explicitFileType = archive.ar; includeInIndex = 0; path = "libPods-dleeganportfolio.a"; sourceTree = BUILT_PRODUCTS_DIR; };
		81AB9BB72411601600AC10FF /* LaunchScreen.storyboard */ = {isa = PBXFileReference; fileEncoding = 4; lastKnownFileType = file.storyboard; name = LaunchScreen.storyboard; path = dleeganportfolio/LaunchScreen.storyboard; sourceTree = "<group>"; };
		89C6BE57DB24E9ADA2F236DE /* Pods-dleeganportfolio-dleeganportfolioTests.release.xcconfig */ = {isa = PBXFileReference; includeInIndex = 1; lastKnownFileType = text.xcconfig; name = "Pods-dleeganportfolio-dleeganportfolioTests.release.xcconfig"; path = "Target Support Files/Pods-dleeganportfolio-dleeganportfolioTests/Pods-dleeganportfolio-dleeganportfolioTests.release.xcconfig"; sourceTree = "<group>"; };
		ED297162215061F000B7C4FE /* JavaScriptCore.framework */ = {isa = PBXFileReference; lastKnownFileType = wrapper.framework; name = JavaScriptCore.framework; path = System/Library/Frameworks/JavaScriptCore.framework; sourceTree = SDKROOT; };
		4634D3A27FF54396B62F4493 /* JetBrainsMono-Bold.ttf */ = {isa = PBXFileReference; name = "JetBrainsMono-Bold.ttf"; path = "../src/Assets/Fonts/JetBrainsMono/JetBrainsMono-Bold.ttf"; sourceTree = "<group>"; fileEncoding = undefined; lastKnownFileType = unknown; explicitFileType = undefined; includeInIndex = 0; };
		CE9581EF5B814D6781025C47 /* JetBrainsMono-BoldItalic.ttf */ = {isa = PBXFileReference; name = "JetBrainsMono-BoldItalic.ttf"; path = "../src/Assets/Fonts/JetBrainsMono/JetBrainsMono-BoldItalic.ttf"; sourceTree = "<group>"; fileEncoding = undefined; lastKnownFileType = unknown; explicitFileType = undefined; includeInIndex = 0; };
		64B1A6B95FBD49C986EDC36A /* JetBrainsMono-ExtraBold.ttf */ = {isa = PBXFileReference; name = "JetBrainsMono-ExtraBold.ttf"; path = "../src/Assets/Fonts/JetBrainsMono/JetBrainsMono-ExtraBold.ttf"; sourceTree = "<group>"; fileEncoding = undefined; lastKnownFileType = unknown; explicitFileType = undefined; includeInIndex = 0; };
		965E4F7B72D74825A68AD0FD /* JetBrainsMono-ExtraBoldItalic.ttf */ = {isa = PBXFileReference; name = "JetBrainsMono-ExtraBoldItalic.ttf"; path = "../src/Assets/Fonts/JetBrainsMono/JetBrainsMono-ExtraBoldItalic.ttf"; sourceTree = "<group>"; fileEncoding = undefined; lastKnownFileType = unknown; explicitFileType = undefined; includeInIndex = 0; };
		11834AC9CF9A426AB16B16AC /* JetBrainsMono-ExtraLight.ttf */ = {isa = PBXFileReference; name = "JetBrainsMono-ExtraLight.ttf"; path = "../src/Assets/Fonts/JetBrainsMono/JetBrainsMono-ExtraLight.ttf"; sourceTree = "<group>"; fileEncoding = undefined; lastKnownFileType = unknown; explicitFileType = undefined; includeInIndex = 0; };
		FD6FDC1FE0EF4BA0BBA56B9C /* JetBrainsMono-ExtraLightItalic.ttf */ = {isa = PBXFileReference; name = "JetBrainsMono-ExtraLightItalic.ttf"; path = "../src/Assets/Fonts/JetBrainsMono/JetBrainsMono-ExtraLightItalic.ttf"; sourceTree = "<group>"; fileEncoding = undefined; lastKnownFileType = unknown; explicitFileType = undefined; includeInIndex = 0; };
		B0A96F0625FC4B94AA79F376 /* JetBrainsMono-Italic.ttf */ = {isa = PBXFileReference; name = "JetBrainsMono-Italic.ttf"; path = "../src/Assets/Fonts/JetBrainsMono/JetBrainsMono-Italic.ttf"; sourceTree = "<group>"; fileEncoding = undefined; lastKnownFileType = unknown; explicitFileType = undefined; includeInIndex = 0; };
		1CEA94EE8F1D4985BAE391B5 /* JetBrainsMono-Light.ttf */ = {isa = PBXFileReference; name = "JetBrainsMono-Light.ttf"; path = "../src/Assets/Fonts/JetBrainsMono/JetBrainsMono-Light.ttf"; sourceTree = "<group>"; fileEncoding = undefined; lastKnownFileType = unknown; explicitFileType = undefined; includeInIndex = 0; };
		85A8A5FB80744DA7916315B6 /* JetBrainsMono-LightItalic.ttf */ = {isa = PBXFileReference; name = "JetBrainsMono-LightItalic.ttf"; path = "../src/Assets/Fonts/JetBrainsMono/JetBrainsMono-LightItalic.ttf"; sourceTree = "<group>"; fileEncoding = undefined; lastKnownFileType = unknown; explicitFileType = undefined; includeInIndex = 0; };
		C841ED2548F4488586FAD8CD /* JetBrainsMono-Medium.ttf */ = {isa = PBXFileReference; name = "JetBrainsMono-Medium.ttf"; path = "../src/Assets/Fonts/JetBrainsMono/JetBrainsMono-Medium.ttf"; sourceTree = "<group>"; fileEncoding = undefined; lastKnownFileType = unknown; explicitFileType = undefined; includeInIndex = 0; };
		A4A516D26175424B97A71253 /* JetBrainsMono-MediumItalic.ttf */ = {isa = PBXFileReference; name = "JetBrainsMono-MediumItalic.ttf"; path = "../src/Assets/Fonts/JetBrainsMono/JetBrainsMono-MediumItalic.ttf"; sourceTree = "<group>"; fileEncoding = undefined; lastKnownFileType = unknown; explicitFileType = undefined; includeInIndex = 0; };
		7B48EBF8D80C4C73BF9B7010 /* JetBrainsMono-Regular.ttf */ = {isa = PBXFileReference; name = "JetBrainsMono-Regular.ttf"; path = "../src/Assets/Fonts/JetBrainsMono/JetBrainsMono-Regular.ttf"; sourceTree = "<group>"; fileEncoding = undefined; lastKnownFileType = unknown; explicitFileType = undefined; includeInIndex = 0; };
		CDCCB0B7F9004B3B825F1E56 /* JetBrainsMono-SemiBold.ttf */ = {isa = PBXFileReference; name = "JetBrainsMono-SemiBold.ttf"; path = "../src/Assets/Fonts/JetBrainsMono/JetBrainsMono-SemiBold.ttf"; sourceTree = "<group>"; fileEncoding = undefined; lastKnownFileType = unknown; explicitFileType = undefined; includeInIndex = 0; };
		93E988C20CB14B4583102E24 /* JetBrainsMono-SemiBoldItalic.ttf */ = {isa = PBXFileReference; name = "JetBrainsMono-SemiBoldItalic.ttf"; path = "../src/Assets/Fonts/JetBrainsMono/JetBrainsMono-SemiBoldItalic.ttf"; sourceTree = "<group>"; fileEncoding = undefined; lastKnownFileType = unknown; explicitFileType = undefined; includeInIndex = 0; };
		CA93DB1E51894B5690F17A24 /* JetBrainsMono-Thin.ttf */ = {isa = PBXFileReference; name = "JetBrainsMono-Thin.ttf"; path = "../src/Assets/Fonts/JetBrainsMono/JetBrainsMono-Thin.ttf"; sourceTree = "<group>"; fileEncoding = undefined; lastKnownFileType = unknown; explicitFileType = undefined; includeInIndex = 0; };
		678C380181484C46A75673CB /* JetBrainsMono-ThinItalic.ttf */ = {isa = PBXFileReference; name = "JetBrainsMono-ThinItalic.ttf"; path = "../src/Assets/Fonts/JetBrainsMono/JetBrainsMono-ThinItalic.ttf"; sourceTree = "<group>"; fileEncoding = undefined; lastKnownFileType = unknown; explicitFileType = undefined; includeInIndex = 0; };
		5E5F7E9E66634D5DA5FBE539 /* JetBrainsMonoNL-Bold.ttf */ = {isa = PBXFileReference; name = "JetBrainsMonoNL-Bold.ttf"; path = "../src/Assets/Fonts/JetBrainsMono/JetBrainsMonoNL-Bold.ttf"; sourceTree = "<group>"; fileEncoding = undefined; lastKnownFileType = unknown; explicitFileType = undefined; includeInIndex = 0; };
		3EDEF7A331CF40FF9FECE2A5 /* JetBrainsMonoNL-BoldItalic.ttf */ = {isa = PBXFileReference; name = "JetBrainsMonoNL-BoldItalic.ttf"; path = "../src/Assets/Fonts/JetBrainsMono/JetBrainsMonoNL-BoldItalic.ttf"; sourceTree = "<group>"; fileEncoding = undefined; lastKnownFileType = unknown; explicitFileType = undefined; includeInIndex = 0; };
		F514FDA291304A55ACB18516 /* JetBrainsMonoNL-ExtraBold.ttf */ = {isa = PBXFileReference; name = "JetBrainsMonoNL-ExtraBold.ttf"; path = "../src/Assets/Fonts/JetBrainsMono/JetBrainsMonoNL-ExtraBold.ttf"; sourceTree = "<group>"; fileEncoding = undefined; lastKnownFileType = unknown; explicitFileType = undefined; includeInIndex = 0; };
		F6214CD5E4EB48E993AAE620 /* JetBrainsMonoNL-ExtraBoldItalic.ttf */ = {isa = PBXFileReference; name = "JetBrainsMonoNL-ExtraBoldItalic.ttf"; path = "../src/Assets/Fonts/JetBrainsMono/JetBrainsMonoNL-ExtraBoldItalic.ttf"; sourceTree = "<group>"; fileEncoding = undefined; lastKnownFileType = unknown; explicitFileType = undefined; includeInIndex = 0; };
		D59AF01EA2284EBA88F505A9 /* JetBrainsMonoNL-ExtraLight.ttf */ = {isa = PBXFileReference; name = "JetBrainsMonoNL-ExtraLight.ttf"; path = "../src/Assets/Fonts/JetBrainsMono/JetBrainsMonoNL-ExtraLight.ttf"; sourceTree = "<group>"; fileEncoding = undefined; lastKnownFileType = unknown; explicitFileType = undefined; includeInIndex = 0; };
		30452CD8BFB4472E8535534C /* JetBrainsMonoNL-ExtraLightItalic.ttf */ = {isa = PBXFileReference; name = "JetBrainsMonoNL-ExtraLightItalic.ttf"; path = "../src/Assets/Fonts/JetBrainsMono/JetBrainsMonoNL-ExtraLightItalic.ttf"; sourceTree = "<group>"; fileEncoding = undefined; lastKnownFileType = unknown; explicitFileType = undefined; includeInIndex = 0; };
		61D579A90E9E402494F39907 /* JetBrainsMonoNL-Italic.ttf */ = {isa = PBXFileReference; name = "JetBrainsMonoNL-Italic.ttf"; path = "../src/Assets/Fonts/JetBrainsMono/JetBrainsMonoNL-Italic.ttf"; sourceTree = "<group>"; fileEncoding = undefined; lastKnownFileType = unknown; explicitFileType = undefined; includeInIndex = 0; };
		368ACF031841437BAAED5298 /* JetBrainsMonoNL-Light.ttf */ = {isa = PBXFileReference; name = "JetBrainsMonoNL-Light.ttf"; path = "../src/Assets/Fonts/JetBrainsMono/JetBrainsMonoNL-Light.ttf"; sourceTree = "<group>"; fileEncoding = undefined; lastKnownFileType = unknown; explicitFileType = undefined; includeInIndex = 0; };
		1B96C974C185455B898FCF16 /* JetBrainsMonoNL-LightItalic.ttf */ = {isa = PBXFileReference; name = "JetBrainsMonoNL-LightItalic.ttf"; path = "../src/Assets/Fonts/JetBrainsMono/JetBrainsMonoNL-LightItalic.ttf"; sourceTree = "<group>"; fileEncoding = undefined; lastKnownFileType = unknown; explicitFileType = undefined; includeInIndex = 0; };
		65199B91FDB6412BB9E48452 /* JetBrainsMonoNL-Medium.ttf */ = {isa = PBXFileReference; name = "JetBrainsMonoNL-Medium.ttf"; path = "../src/Assets/Fonts/JetBrainsMono/JetBrainsMonoNL-Medium.ttf"; sourceTree = "<group>"; fileEncoding = undefined; lastKnownFileType = unknown; explicitFileType = undefined; includeInIndex = 0; };
		A74A3FC2EDEC474D8085E31A /* JetBrainsMonoNL-MediumItalic.ttf */ = {isa = PBXFileReference; name = "JetBrainsMonoNL-MediumItalic.ttf"; path = "../src/Assets/Fonts/JetBrainsMono/JetBrainsMonoNL-MediumItalic.ttf"; sourceTree = "<group>"; fileEncoding = undefined; lastKnownFileType = unknown; explicitFileType = undefined; includeInIndex = 0; };
		094F1FB9FAAB4EA48F6B56AA /* JetBrainsMonoNL-Regular.ttf */ = {isa = PBXFileReference; name = "JetBrainsMonoNL-Regular.ttf"; path = "../src/Assets/Fonts/JetBrainsMono/JetBrainsMonoNL-Regular.ttf"; sourceTree = "<group>"; fileEncoding = undefined; lastKnownFileType = unknown; explicitFileType = undefined; includeInIndex = 0; };
		5A51F75068634D92BC0FCB94 /* JetBrainsMonoNL-SemiBold.ttf */ = {isa = PBXFileReference; name = "JetBrainsMonoNL-SemiBold.ttf"; path = "../src/Assets/Fonts/JetBrainsMono/JetBrainsMonoNL-SemiBold.ttf"; sourceTree = "<group>"; fileEncoding = undefined; lastKnownFileType = unknown; explicitFileType = undefined; includeInIndex = 0; };
		5281C63E74BE4674A01D6931 /* JetBrainsMonoNL-SemiBoldItalic.ttf */ = {isa = PBXFileReference; name = "JetBrainsMonoNL-SemiBoldItalic.ttf"; path = "../src/Assets/Fonts/JetBrainsMono/JetBrainsMonoNL-SemiBoldItalic.ttf"; sourceTree = "<group>"; fileEncoding = undefined; lastKnownFileType = unknown; explicitFileType = undefined; includeInIndex = 0; };
		1FA2649CF2624716A0CE875C /* JetBrainsMonoNL-Thin.ttf */ = {isa = PBXFileReference; name = "JetBrainsMonoNL-Thin.ttf"; path = "../src/Assets/Fonts/JetBrainsMono/JetBrainsMonoNL-Thin.ttf"; sourceTree = "<group>"; fileEncoding = undefined; lastKnownFileType = unknown; explicitFileType = undefined; includeInIndex = 0; };
		6F16D34A15494CE0BD25259C /* JetBrainsMonoNL-ThinItalic.ttf */ = {isa = PBXFileReference; name = "JetBrainsMonoNL-ThinItalic.ttf"; path = "../src/Assets/Fonts/JetBrainsMono/JetBrainsMonoNL-ThinItalic.ttf"; sourceTree = "<group>"; fileEncoding = undefined; lastKnownFileType = unknown; explicitFileType = undefined; includeInIndex = 0; };
/* End PBXFileReference section */

/* Begin PBXFrameworksBuildPhase section */
		00E356EB1AD99517003FC87E /* Frameworks */ = {
			isa = PBXFrameworksBuildPhase;
			buildActionMask = 2147483647;
			files = (
				7699B88040F8A987B510C191 /* libPods-dleeganportfolio-dleeganportfolioTests.a in Frameworks */,
			);
			runOnlyForDeploymentPostprocessing = 0;
		};
		13B07F8C1A680F5B00A75B9A /* Frameworks */ = {
			isa = PBXFrameworksBuildPhase;
			buildActionMask = 2147483647;
			files = (
				0C80B921A6F3F58F76C31292 /* libPods-dleeganportfolio.a in Frameworks */,
			);
			runOnlyForDeploymentPostprocessing = 0;
		};
/* End PBXFrameworksBuildPhase section */

/* Begin PBXGroup section */
		00E356EF1AD99517003FC87E /* dleeganportfolioTests */ = {
			isa = PBXGroup;
			children = (
				00E356F21AD99517003FC87E /* dleeganportfolioTests.m */,
				00E356F01AD99517003FC87E /* Supporting Files */,
			);
			path = dleeganportfolioTests;
			sourceTree = "<group>";
		};
		00E356F01AD99517003FC87E /* Supporting Files */ = {
			isa = PBXGroup;
			children = (
				00E356F11AD99517003FC87E /* Info.plist */,
			);
			name = "Supporting Files";
			sourceTree = "<group>";
		};
		13B07FAE1A68108700A75B9A /* dleeganportfolio */ = {
			isa = PBXGroup;
			children = (
				13B07FAF1A68108700A75B9A /* AppDelegate.h */,
				13B07FB01A68108700A75B9A /* AppDelegate.mm */,
				13B07FB51A68108700A75B9A /* Images.xcassets */,
				13B07FB61A68108700A75B9A /* Info.plist */,
				81AB9BB72411601600AC10FF /* LaunchScreen.storyboard */,
				13B07FB71A68108700A75B9A /* main.m */,
			);
			name = dleeganportfolio;
			sourceTree = "<group>";
		};
		2D16E6871FA4F8E400B85C8A /* Frameworks */ = {
			isa = PBXGroup;
			children = (
				ED297162215061F000B7C4FE /* JavaScriptCore.framework */,
				5DCACB8F33CDC322A6C60F78 /* libPods-dleeganportfolio.a */,
				19F6CBCC0A4E27FBF8BF4A61 /* libPods-dleeganportfolio-dleeganportfolioTests.a */,
			);
			name = Frameworks;
			sourceTree = "<group>";
		};
		832341AE1AAA6A7D00B99B32 /* Libraries */ = {
			isa = PBXGroup;
			children = (
			);
			name = Libraries;
			sourceTree = "<group>";
		};
		83CBB9F61A601CBA00E9B192 = {
			isa = PBXGroup;
			children = (
				13B07FAE1A68108700A75B9A /* dleeganportfolio */,
				832341AE1AAA6A7D00B99B32 /* Libraries */,
				00E356EF1AD99517003FC87E /* dleeganportfolioTests */,
				83CBBA001A601CBA00E9B192 /* Products */,
				2D16E6871FA4F8E400B85C8A /* Frameworks */,
				BBD78D7AC51CEA395F1C20DB /* Pods */,
				B3C20CF860814D758AB21FFA /* Resources */,
			);
			indentWidth = 2;
			sourceTree = "<group>";
			tabWidth = 2;
			usesTabs = 0;
		};
		83CBBA001A601CBA00E9B192 /* Products */ = {
			isa = PBXGroup;
			children = (
				13B07F961A680F5B00A75B9A /* dleeganportfolio.app */,
				00E356EE1AD99517003FC87E /* dleeganportfolioTests.xctest */,
			);
			name = Products;
			sourceTree = "<group>";
		};
		BBD78D7AC51CEA395F1C20DB /* Pods */ = {
			isa = PBXGroup;
			children = (
				3B4392A12AC88292D35C810B /* Pods-dleeganportfolio.debug.xcconfig */,
				5709B34CF0A7D63546082F79 /* Pods-dleeganportfolio.release.xcconfig */,
				5B7EB9410499542E8C5724F5 /* Pods-dleeganportfolio-dleeganportfolioTests.debug.xcconfig */,
				89C6BE57DB24E9ADA2F236DE /* Pods-dleeganportfolio-dleeganportfolioTests.release.xcconfig */,
			);
			path = Pods;
			sourceTree = "<group>";
		};
		B3C20CF860814D758AB21FFA /* Resources */ = {
			isa = "PBXGroup";
			children = (
				4634D3A27FF54396B62F4493 /* JetBrainsMono-Bold.ttf */,
				CE9581EF5B814D6781025C47 /* JetBrainsMono-BoldItalic.ttf */,
				64B1A6B95FBD49C986EDC36A /* JetBrainsMono-ExtraBold.ttf */,
				965E4F7B72D74825A68AD0FD /* JetBrainsMono-ExtraBoldItalic.ttf */,
				11834AC9CF9A426AB16B16AC /* JetBrainsMono-ExtraLight.ttf */,
				FD6FDC1FE0EF4BA0BBA56B9C /* JetBrainsMono-ExtraLightItalic.ttf */,
				B0A96F0625FC4B94AA79F376 /* JetBrainsMono-Italic.ttf */,
				1CEA94EE8F1D4985BAE391B5 /* JetBrainsMono-Light.ttf */,
				85A8A5FB80744DA7916315B6 /* JetBrainsMono-LightItalic.ttf */,
				C841ED2548F4488586FAD8CD /* JetBrainsMono-Medium.ttf */,
				A4A516D26175424B97A71253 /* JetBrainsMono-MediumItalic.ttf */,
				7B48EBF8D80C4C73BF9B7010 /* JetBrainsMono-Regular.ttf */,
				CDCCB0B7F9004B3B825F1E56 /* JetBrainsMono-SemiBold.ttf */,
				93E988C20CB14B4583102E24 /* JetBrainsMono-SemiBoldItalic.ttf */,
				CA93DB1E51894B5690F17A24 /* JetBrainsMono-Thin.ttf */,
				678C380181484C46A75673CB /* JetBrainsMono-ThinItalic.ttf */,
				5E5F7E9E66634D5DA5FBE539 /* JetBrainsMonoNL-Bold.ttf */,
				3EDEF7A331CF40FF9FECE2A5 /* JetBrainsMonoNL-BoldItalic.ttf */,
				F514FDA291304A55ACB18516 /* JetBrainsMonoNL-ExtraBold.ttf */,
				F6214CD5E4EB48E993AAE620 /* JetBrainsMonoNL-ExtraBoldItalic.ttf */,
				D59AF01EA2284EBA88F505A9 /* JetBrainsMonoNL-ExtraLight.ttf */,
				30452CD8BFB4472E8535534C /* JetBrainsMonoNL-ExtraLightItalic.ttf */,
				61D579A90E9E402494F39907 /* JetBrainsMonoNL-Italic.ttf */,
				368ACF031841437BAAED5298 /* JetBrainsMonoNL-Light.ttf */,
				1B96C974C185455B898FCF16 /* JetBrainsMonoNL-LightItalic.ttf */,
				65199B91FDB6412BB9E48452 /* JetBrainsMonoNL-Medium.ttf */,
				A74A3FC2EDEC474D8085E31A /* JetBrainsMonoNL-MediumItalic.ttf */,
				094F1FB9FAAB4EA48F6B56AA /* JetBrainsMonoNL-Regular.ttf */,
				5A51F75068634D92BC0FCB94 /* JetBrainsMonoNL-SemiBold.ttf */,
				5281C63E74BE4674A01D6931 /* JetBrainsMonoNL-SemiBoldItalic.ttf */,
				1FA2649CF2624716A0CE875C /* JetBrainsMonoNL-Thin.ttf */,
				6F16D34A15494CE0BD25259C /* JetBrainsMonoNL-ThinItalic.ttf */,
			);
			name = Resources;
			sourceTree = "<group>";
			path = "";
		};
/* End PBXGroup section */

/* Begin PBXNativeTarget section */
		00E356ED1AD99517003FC87E /* dleeganportfolioTests */ = {
			isa = PBXNativeTarget;
			buildConfigurationList = 00E357021AD99517003FC87E /* Build configuration list for PBXNativeTarget "dleeganportfolioTests" */;
			buildPhases = (
				A55EABD7B0C7F3A422A6CC61 /* [CP] Check Pods Manifest.lock */,
				00E356EA1AD99517003FC87E /* Sources */,
				00E356EB1AD99517003FC87E /* Frameworks */,
				00E356EC1AD99517003FC87E /* Resources */,
				C59DA0FBD6956966B86A3779 /* [CP] Embed Pods Frameworks */,
				F6A41C54EA430FDDC6A6ED99 /* [CP] Copy Pods Resources */,
			);
			buildRules = (
			);
			dependencies = (
				00E356F51AD99517003FC87E /* PBXTargetDependency */,
			);
			name = dleeganportfolioTests;
			productName = dleeganportfolioTests;
			productReference = 00E356EE1AD99517003FC87E /* dleeganportfolioTests.xctest */;
			productType = "com.apple.product-type.bundle.unit-test";
		};
		13B07F861A680F5B00A75B9A /* dleeganportfolio */ = {
			isa = PBXNativeTarget;
			buildConfigurationList = 13B07F931A680F5B00A75B9A /* Build configuration list for PBXNativeTarget "dleeganportfolio" */;
			buildPhases = (
				C38B50BA6285516D6DCD4F65 /* [CP] Check Pods Manifest.lock */,
				FD10A7F022414F080027D42C /* Start Packager */,
				13B07F871A680F5B00A75B9A /* Sources */,
				13B07F8C1A680F5B00A75B9A /* Frameworks */,
				13B07F8E1A680F5B00A75B9A /* Resources */,
				00DD1BFF1BD5951E006B06BC /* Bundle React Native code and images */,
				00EEFC60759A1932668264C0 /* [CP] Embed Pods Frameworks */,
				E235C05ADACE081382539298 /* [CP] Copy Pods Resources */,
			);
			buildRules = (
			);
			dependencies = (
			);
			name = dleeganportfolio;
			productName = dleeganportfolio;
			productReference = 13B07F961A680F5B00A75B9A /* dleeganportfolio.app */;
			productType = "com.apple.product-type.application";
		};
/* End PBXNativeTarget section */

/* Begin PBXProject section */
		83CBB9F71A601CBA00E9B192 /* Project object */ = {
			isa = PBXProject;
			attributes = {
				LastUpgradeCheck = 1210;
				TargetAttributes = {
					00E356ED1AD99517003FC87E = {
						CreatedOnToolsVersion = 6.2;
						TestTargetID = 13B07F861A680F5B00A75B9A;
					};
					13B07F861A680F5B00A75B9A = {
						LastSwiftMigration = 1120;
					};
				};
			};
			buildConfigurationList = 83CBB9FA1A601CBA00E9B192 /* Build configuration list for PBXProject "dleeganportfolio" */;
			compatibilityVersion = "Xcode 12.0";
			developmentRegion = en;
			hasScannedForEncodings = 0;
			knownRegions = (
				en,
				Base,
			);
			mainGroup = 83CBB9F61A601CBA00E9B192;
			productRefGroup = 83CBBA001A601CBA00E9B192 /* Products */;
			projectDirPath = "";
			projectRoot = "";
			targets = (
				13B07F861A680F5B00A75B9A /* dleeganportfolio */,
				00E356ED1AD99517003FC87E /* dleeganportfolioTests */,
			);
		};
/* End PBXProject section */

/* Begin PBXResourcesBuildPhase section */
		00E356EC1AD99517003FC87E /* Resources */ = {
			isa = PBXResourcesBuildPhase;
			buildActionMask = 2147483647;
			files = (
			);
			runOnlyForDeploymentPostprocessing = 0;
		};
		13B07F8E1A680F5B00A75B9A /* Resources */ = {
			isa = PBXResourcesBuildPhase;
			buildActionMask = 2147483647;
			files = (
				81AB9BB82411601600AC10FF /* LaunchScreen.storyboard in Resources */,
				13B07FBF1A68108700A75B9A /* Images.xcassets in Resources */,
				A24BDFD021784A86AEB0CF1E /* JetBrainsMono-Bold.ttf in Resources */,
				D352642B9C4B4F2E91977C46 /* JetBrainsMono-BoldItalic.ttf in Resources */,
				02C42FF977FD4C0DB6428B3A /* JetBrainsMono-ExtraBold.ttf in Resources */,
				1FDED347CA924458A5151A56 /* JetBrainsMono-ExtraBoldItalic.ttf in Resources */,
				8918574C6C5B4284A5412C76 /* JetBrainsMono-ExtraLight.ttf in Resources */,
				0D1B39F2DA3C4513AE443479 /* JetBrainsMono-ExtraLightItalic.ttf in Resources */,
				CF3FBD5BC61B4EB58B0067CE /* JetBrainsMono-Italic.ttf in Resources */,
				7FC0A4A6BA354687A5D8FA41 /* JetBrainsMono-Light.ttf in Resources */,
				CE7A23E1E08F40E5B40C382A /* JetBrainsMono-LightItalic.ttf in Resources */,
				5E9A7768CCFF4DFA98EC2FD0 /* JetBrainsMono-Medium.ttf in Resources */,
				67DA33859E3F41A6A780F331 /* JetBrainsMono-MediumItalic.ttf in Resources */,
				F04DB5C2F9494C0EB8A8D6EE /* JetBrainsMono-Regular.ttf in Resources */,
				949BE182BAEF4497ADF9C404 /* JetBrainsMono-SemiBold.ttf in Resources */,
				F3FC83F669A949388C003BEF /* JetBrainsMono-SemiBoldItalic.ttf in Resources */,
				AB4EED63261A45F4902137D2 /* JetBrainsMono-Thin.ttf in Resources */,
				363F65DA3F2B4849B214F58E /* JetBrainsMono-ThinItalic.ttf in Resources */,
				404077D3FB044835BEDBA55D /* JetBrainsMonoNL-Bold.ttf in Resources */,
				3B618A3EA1E6493BA9653590 /* JetBrainsMonoNL-BoldItalic.ttf in Resources */,
				9EF5A5E832004DE39CF87670 /* JetBrainsMonoNL-ExtraBold.ttf in Resources */,
				FAF1660AF1F3423EA9789792 /* JetBrainsMonoNL-ExtraBoldItalic.ttf in Resources */,
				0511942DED5140F4AE49A54A /* JetBrainsMonoNL-ExtraLight.ttf in Resources */,
				8AE010E4F3D547F399CA6C05 /* JetBrainsMonoNL-ExtraLightItalic.ttf in Resources */,
				85AD2935C7A24CD3BDC30930 /* JetBrainsMonoNL-Italic.ttf in Resources */,
				D7ED4205F720440EB393D603 /* JetBrainsMonoNL-Light.ttf in Resources */,
				25882DE37E4A4A60A5674F5C /* JetBrainsMonoNL-LightItalic.ttf in Resources */,
				B71D11EBD7794E03887EFB86 /* JetBrainsMonoNL-Medium.ttf in Resources */,
				679D469C12864F3EA5BA1FDA /* JetBrainsMonoNL-MediumItalic.ttf in Resources */,
				B4F40FC5F7B24A849D8C6643 /* JetBrainsMonoNL-Regular.ttf in Resources */,
				C817F133D6F844D6BB5A8A73 /* JetBrainsMonoNL-SemiBold.ttf in Resources */,
				ADDBF25BACA84D079B6FBC6A /* JetBrainsMonoNL-SemiBoldItalic.ttf in Resources */,
				FDE20C29B854407484264487 /* JetBrainsMonoNL-Thin.ttf in Resources */,
				39FCD538523E47828CD361C3 /* JetBrainsMonoNL-ThinItalic.ttf in Resources */,
			);
			runOnlyForDeploymentPostprocessing = 0;
		};
/* End PBXResourcesBuildPhase section */

/* Begin PBXShellScriptBuildPhase section */
		00DD1BFF1BD5951E006B06BC /* Bundle React Native code and images */ = {
			isa = PBXShellScriptBuildPhase;
			buildActionMask = 2147483647;
			files = (
			);
			inputPaths = (
				"$(SRCROOT)/.xcode.env.local",
				"$(SRCROOT)/.xcode.env",
			);
			name = "Bundle React Native code and images";
			outputPaths = (
			);
			runOnlyForDeploymentPostprocessing = 0;
			shellPath = /bin/sh;
			shellScript = "set -e\n\nWITH_ENVIRONMENT=\"../node_modules/react-native/scripts/xcode/with-environment.sh\"\nREACT_NATIVE_XCODE=\"../node_modules/react-native/scripts/react-native-xcode.sh\"\n\n/bin/sh -c \"$WITH_ENVIRONMENT $REACT_NATIVE_XCODE\"\n";
		};
		00EEFC60759A1932668264C0 /* [CP] Embed Pods Frameworks */ = {
			isa = PBXShellScriptBuildPhase;
			buildActionMask = 2147483647;
			files = (
			);
			inputFileListPaths = (
				"${PODS_ROOT}/Target Support Files/Pods-dleeganportfolio/Pods-dleeganportfolio-frameworks-${CONFIGURATION}-input-files.xcfilelist",
			);
			name = "[CP] Embed Pods Frameworks";
			outputFileListPaths = (
				"${PODS_ROOT}/Target Support Files/Pods-dleeganportfolio/Pods-dleeganportfolio-frameworks-${CONFIGURATION}-output-files.xcfilelist",
			);
			runOnlyForDeploymentPostprocessing = 0;
			shellPath = /bin/sh;
			shellScript = "\"${PODS_ROOT}/Target Support Files/Pods-dleeganportfolio/Pods-dleeganportfolio-frameworks.sh\"\n";
			showEnvVarsInLog = 0;
		};
		A55EABD7B0C7F3A422A6CC61 /* [CP] Check Pods Manifest.lock */ = {
			isa = PBXShellScriptBuildPhase;
			buildActionMask = 2147483647;
			files = (
			);
			inputFileListPaths = (
			);
			inputPaths = (
				"${PODS_PODFILE_DIR_PATH}/Podfile.lock",
				"${PODS_ROOT}/Manifest.lock",
			);
			name = "[CP] Check Pods Manifest.lock";
			outputFileListPaths = (
			);
			outputPaths = (
				"$(DERIVED_FILE_DIR)/Pods-dleeganportfolio-dleeganportfolioTests-checkManifestLockResult.txt",
			);
			runOnlyForDeploymentPostprocessing = 0;
			shellPath = /bin/sh;
			shellScript = "diff \"${PODS_PODFILE_DIR_PATH}/Podfile.lock\" \"${PODS_ROOT}/Manifest.lock\" > /dev/null\nif [ $? != 0 ] ; then\n    # print error to STDERR\n    echo \"error: The sandbox is not in sync with the Podfile.lock. Run 'pod install' or update your CocoaPods installation.\" >&2\n    exit 1\nfi\n# This output is used by Xcode 'outputs' to avoid re-running this script phase.\necho \"SUCCESS\" > \"${SCRIPT_OUTPUT_FILE_0}\"\n";
			showEnvVarsInLog = 0;
		};
		C38B50BA6285516D6DCD4F65 /* [CP] Check Pods Manifest.lock */ = {
			isa = PBXShellScriptBuildPhase;
			buildActionMask = 2147483647;
			files = (
			);
			inputFileListPaths = (
			);
			inputPaths = (
				"${PODS_PODFILE_DIR_PATH}/Podfile.lock",
				"${PODS_ROOT}/Manifest.lock",
			);
			name = "[CP] Check Pods Manifest.lock";
			outputFileListPaths = (
			);
			outputPaths = (
				"$(DERIVED_FILE_DIR)/Pods-dleeganportfolio-checkManifestLockResult.txt",
			);
			runOnlyForDeploymentPostprocessing = 0;
			shellPath = /bin/sh;
			shellScript = "diff \"${PODS_PODFILE_DIR_PATH}/Podfile.lock\" \"${PODS_ROOT}/Manifest.lock\" > /dev/null\nif [ $? != 0 ] ; then\n    # print error to STDERR\n    echo \"error: The sandbox is not in sync with the Podfile.lock. Run 'pod install' or update your CocoaPods installation.\" >&2\n    exit 1\nfi\n# This output is used by Xcode 'outputs' to avoid re-running this script phase.\necho \"SUCCESS\" > \"${SCRIPT_OUTPUT_FILE_0}\"\n";
			showEnvVarsInLog = 0;
		};
		C59DA0FBD6956966B86A3779 /* [CP] Embed Pods Frameworks */ = {
			isa = PBXShellScriptBuildPhase;
			buildActionMask = 2147483647;
			files = (
			);
			inputFileListPaths = (
				"${PODS_ROOT}/Target Support Files/Pods-dleeganportfolio-dleeganportfolioTests/Pods-dleeganportfolio-dleeganportfolioTests-frameworks-${CONFIGURATION}-input-files.xcfilelist",
			);
			name = "[CP] Embed Pods Frameworks";
			outputFileListPaths = (
				"${PODS_ROOT}/Target Support Files/Pods-dleeganportfolio-dleeganportfolioTests/Pods-dleeganportfolio-dleeganportfolioTests-frameworks-${CONFIGURATION}-output-files.xcfilelist",
			);
			runOnlyForDeploymentPostprocessing = 0;
			shellPath = /bin/sh;
			shellScript = "\"${PODS_ROOT}/Target Support Files/Pods-dleeganportfolio-dleeganportfolioTests/Pods-dleeganportfolio-dleeganportfolioTests-frameworks.sh\"\n";
			showEnvVarsInLog = 0;
		};
		E235C05ADACE081382539298 /* [CP] Copy Pods Resources */ = {
			isa = PBXShellScriptBuildPhase;
			buildActionMask = 2147483647;
			files = (
			);
			inputFileListPaths = (
				"${PODS_ROOT}/Target Support Files/Pods-dleeganportfolio/Pods-dleeganportfolio-resources-${CONFIGURATION}-input-files.xcfilelist",
			);
			name = "[CP] Copy Pods Resources";
			outputFileListPaths = (
				"${PODS_ROOT}/Target Support Files/Pods-dleeganportfolio/Pods-dleeganportfolio-resources-${CONFIGURATION}-output-files.xcfilelist",
			);
			runOnlyForDeploymentPostprocessing = 0;
			shellPath = /bin/sh;
			shellScript = "\"${PODS_ROOT}/Target Support Files/Pods-dleeganportfolio/Pods-dleeganportfolio-resources.sh\"\n";
			showEnvVarsInLog = 0;
		};
		F6A41C54EA430FDDC6A6ED99 /* [CP] Copy Pods Resources */ = {
			isa = PBXShellScriptBuildPhase;
			buildActionMask = 2147483647;
			files = (
			);
			inputFileListPaths = (
				"${PODS_ROOT}/Target Support Files/Pods-dleeganportfolio-dleeganportfolioTests/Pods-dleeganportfolio-dleeganportfolioTests-resources-${CONFIGURATION}-input-files.xcfilelist",
			);
			name = "[CP] Copy Pods Resources";
			outputFileListPaths = (
				"${PODS_ROOT}/Target Support Files/Pods-dleeganportfolio-dleeganportfolioTests/Pods-dleeganportfolio-dleeganportfolioTests-resources-${CONFIGURATION}-output-files.xcfilelist",
			);
			runOnlyForDeploymentPostprocessing = 0;
			shellPath = /bin/sh;
			shellScript = "\"${PODS_ROOT}/Target Support Files/Pods-dleeganportfolio-dleeganportfolioTests/Pods-dleeganportfolio-dleeganportfolioTests-resources.sh\"\n";
			showEnvVarsInLog = 0;
		};
		FD10A7F022414F080027D42C /* Start Packager */ = {
			isa = PBXShellScriptBuildPhase;
			buildActionMask = 2147483647;
			files = (
			);
			inputFileListPaths = (
			);
			inputPaths = (
			);
			name = "Start Packager";
			outputFileListPaths = (
			);
			outputPaths = (
			);
			runOnlyForDeploymentPostprocessing = 0;
			shellPath = /bin/sh;
			shellScript = "export RCT_METRO_PORT=\"${RCT_METRO_PORT:=8081}\"\necho \"export RCT_METRO_PORT=${RCT_METRO_PORT}\" > \"${SRCROOT}/../node_modules/react-native/scripts/.packager.env\"\nif [ -z \"${RCT_NO_LAUNCH_PACKAGER+xxx}\" ] ; then\n  if nc -w 5 -z localhost ${RCT_METRO_PORT} ; then\n    if ! curl -s \"http://localhost:${RCT_METRO_PORT}/status\" | grep -q \"packager-status:running\" ; then\n      echo \"Port ${RCT_METRO_PORT} already in use, packager is either not running or not running correctly\"\n      exit 2\n    fi\n  else\n    open \"$SRCROOT/../node_modules/react-native/scripts/launchPackager.command\" || echo \"Can't start packager automatically\"\n  fi\nfi\n";
			showEnvVarsInLog = 0;
		};
/* End PBXShellScriptBuildPhase section */

/* Begin PBXSourcesBuildPhase section */
		00E356EA1AD99517003FC87E /* Sources */ = {
			isa = PBXSourcesBuildPhase;
			buildActionMask = 2147483647;
			files = (
				00E356F31AD99517003FC87E /* dleeganportfolioTests.m in Sources */,
			);
			runOnlyForDeploymentPostprocessing = 0;
		};
		13B07F871A680F5B00A75B9A /* Sources */ = {
			isa = PBXSourcesBuildPhase;
			buildActionMask = 2147483647;
			files = (
				13B07FBC1A68108700A75B9A /* AppDelegate.mm in Sources */,
				13B07FC11A68108700A75B9A /* main.m in Sources */,
			);
			runOnlyForDeploymentPostprocessing = 0;
		};
/* End PBXSourcesBuildPhase section */

/* Begin PBXTargetDependency section */
		00E356F51AD99517003FC87E /* PBXTargetDependency */ = {
			isa = PBXTargetDependency;
			target = 13B07F861A680F5B00A75B9A /* dleeganportfolio */;
			targetProxy = 00E356F41AD99517003FC87E /* PBXContainerItemProxy */;
		};
/* End PBXTargetDependency section */

/* Begin XCBuildConfiguration section */
		00E356F61AD99517003FC87E /* Debug */ = {
			isa = XCBuildConfiguration;
			baseConfigurationReference = 5B7EB9410499542E8C5724F5 /* Pods-dleeganportfolio-dleeganportfolioTests.debug.xcconfig */;
			buildSettings = {
				BUNDLE_LOADER = "$(TEST_HOST)";
				GCC_PREPROCESSOR_DEFINITIONS = (
					"DEBUG=1",
					"$(inherited)",
				);
				INFOPLIST_FILE = dleeganportfolioTests/Info.plist;
				IPHONEOS_DEPLOYMENT_TARGET = 12.4;
				LD_RUNPATH_SEARCH_PATHS = (
					"$(inherited)",
					"@executable_path/Frameworks",
					"@loader_path/Frameworks",
				);
				OTHER_LDFLAGS = (
					"-ObjC",
					"-lc++",
					"$(inherited)",
				);
				PRODUCT_BUNDLE_IDENTIFIER = "org.reactjs.native.example.$(PRODUCT_NAME:rfc1034identifier)";
				PRODUCT_NAME = "$(TARGET_NAME)";
				TEST_HOST = "$(BUILT_PRODUCTS_DIR)/dleeganportfolio.app/dleeganportfolio";
			};
			name = Debug;
		};
		00E356F71AD99517003FC87E /* Release */ = {
			isa = XCBuildConfiguration;
			baseConfigurationReference = 89C6BE57DB24E9ADA2F236DE /* Pods-dleeganportfolio-dleeganportfolioTests.release.xcconfig */;
			buildSettings = {
				BUNDLE_LOADER = "$(TEST_HOST)";
				COPY_PHASE_STRIP = NO;
				INFOPLIST_FILE = dleeganportfolioTests/Info.plist;
				IPHONEOS_DEPLOYMENT_TARGET = 12.4;
				LD_RUNPATH_SEARCH_PATHS = (
					"$(inherited)",
					"@executable_path/Frameworks",
					"@loader_path/Frameworks",
				);
				OTHER_LDFLAGS = (
					"-ObjC",
					"-lc++",
					"$(inherited)",
				);
				PRODUCT_BUNDLE_IDENTIFIER = "org.reactjs.native.example.$(PRODUCT_NAME:rfc1034identifier)";
				PRODUCT_NAME = "$(TARGET_NAME)";
				TEST_HOST = "$(BUILT_PRODUCTS_DIR)/dleeganportfolio.app/dleeganportfolio";
			};
			name = Release;
		};
		13B07F941A680F5B00A75B9A /* Debug */ = {
			isa = XCBuildConfiguration;
			baseConfigurationReference = 3B4392A12AC88292D35C810B /* Pods-dleeganportfolio.debug.xcconfig */;
			buildSettings = {
				ASSETCATALOG_COMPILER_APPICON_NAME = AppIcon;
				CLANG_ENABLE_MODULES = YES;
				CURRENT_PROJECT_VERSION = 1;
				ENABLE_BITCODE = NO;
				INFOPLIST_FILE = dleeganportfolio/Info.plist;
				LD_RUNPATH_SEARCH_PATHS = (
					"$(inherited)",
					"@executable_path/Frameworks",
				);
				MARKETING_VERSION = 1.0;
				OTHER_LDFLAGS = (
					"$(inherited)",
					"-ObjC",
					"-lc++",
				);
				PRODUCT_BUNDLE_IDENTIFIER = "org.reactjs.native.example.$(PRODUCT_NAME:rfc1034identifier)";
				PRODUCT_NAME = dleeganportfolio;
				SWIFT_OPTIMIZATION_LEVEL = "-Onone";
				SWIFT_VERSION = 5.0;
				VERSIONING_SYSTEM = "apple-generic";
			};
			name = Debug;
		};
		13B07F951A680F5B00A75B9A /* Release */ = {
			isa = XCBuildConfiguration;
			baseConfigurationReference = 5709B34CF0A7D63546082F79 /* Pods-dleeganportfolio.release.xcconfig */;
			buildSettings = {
				ASSETCATALOG_COMPILER_APPICON_NAME = AppIcon;
				CLANG_ENABLE_MODULES = YES;
				CURRENT_PROJECT_VERSION = 1;
				INFOPLIST_FILE = dleeganportfolio/Info.plist;
				LD_RUNPATH_SEARCH_PATHS = (
					"$(inherited)",
					"@executable_path/Frameworks",
				);
				MARKETING_VERSION = 1.0;
				OTHER_LDFLAGS = (
					"$(inherited)",
					"-ObjC",
					"-lc++",
				);
				PRODUCT_BUNDLE_IDENTIFIER = "org.reactjs.native.example.$(PRODUCT_NAME:rfc1034identifier)";
				PRODUCT_NAME = dleeganportfolio;
				SWIFT_VERSION = 5.0;
				VERSIONING_SYSTEM = "apple-generic";
			};
			name = Release;
		};
		83CBBA201A601CBA00E9B192 /* Debug */ = {
			isa = XCBuildConfiguration;
			buildSettings = {
				ALWAYS_SEARCH_USER_PATHS = NO;
				CLANG_ANALYZER_LOCALIZABILITY_NONLOCALIZED = YES;
				CLANG_CXX_LANGUAGE_STANDARD = "c++17";
				CLANG_CXX_LIBRARY = "libc++";
				CLANG_ENABLE_MODULES = YES;
				CLANG_ENABLE_OBJC_ARC = YES;
				CLANG_WARN_BLOCK_CAPTURE_AUTORELEASING = YES;
				CLANG_WARN_BOOL_CONVERSION = YES;
				CLANG_WARN_COMMA = YES;
				CLANG_WARN_CONSTANT_CONVERSION = YES;
				CLANG_WARN_DEPRECATED_OBJC_IMPLEMENTATIONS = YES;
				CLANG_WARN_DIRECT_OBJC_ISA_USAGE = YES_ERROR;
				CLANG_WARN_EMPTY_BODY = YES;
				CLANG_WARN_ENUM_CONVERSION = YES;
				CLANG_WARN_INFINITE_RECURSION = YES;
				CLANG_WARN_INT_CONVERSION = YES;
				CLANG_WARN_NON_LITERAL_NULL_CONVERSION = YES;
				CLANG_WARN_OBJC_IMPLICIT_RETAIN_SELF = YES;
				CLANG_WARN_OBJC_LITERAL_CONVERSION = YES;
				CLANG_WARN_OBJC_ROOT_CLASS = YES_ERROR;
				CLANG_WARN_QUOTED_INCLUDE_IN_FRAMEWORK_HEADER = YES;
				CLANG_WARN_RANGE_LOOP_ANALYSIS = YES;
				CLANG_WARN_STRICT_PROTOTYPES = YES;
				CLANG_WARN_SUSPICIOUS_MOVE = YES;
				CLANG_WARN_UNREACHABLE_CODE = YES;
				CLANG_WARN__DUPLICATE_METHOD_MATCH = YES;
				"CODE_SIGN_IDENTITY[sdk=iphoneos*]" = "iPhone Developer";
				COPY_PHASE_STRIP = NO;
				ENABLE_STRICT_OBJC_MSGSEND = YES;
				ENABLE_TESTABILITY = YES;
				"EXCLUDED_ARCHS[sdk=iphonesimulator*]" = i386;
				GCC_C_LANGUAGE_STANDARD = gnu99;
				GCC_DYNAMIC_NO_PIC = NO;
				GCC_NO_COMMON_BLOCKS = YES;
				GCC_OPTIMIZATION_LEVEL = 0;
				GCC_PREPROCESSOR_DEFINITIONS = (
					"DEBUG=1",
					"$(inherited)",
				);
				GCC_SYMBOLS_PRIVATE_EXTERN = NO;
				GCC_WARN_64_TO_32_BIT_CONVERSION = YES;
				GCC_WARN_ABOUT_RETURN_TYPE = YES_ERROR;
				GCC_WARN_UNDECLARED_SELECTOR = YES;
				GCC_WARN_UNINITIALIZED_AUTOS = YES_AGGRESSIVE;
				GCC_WARN_UNUSED_FUNCTION = YES;
				GCC_WARN_UNUSED_VARIABLE = YES;
				IPHONEOS_DEPLOYMENT_TARGET = 12.4;
				LD_RUNPATH_SEARCH_PATHS = (
					/usr/lib/swift,
					"$(inherited)",
				);
				LIBRARY_SEARCH_PATHS = (
					"\"$(SDKROOT)/usr/lib/swift\"",
					"\"$(TOOLCHAIN_DIR)/usr/lib/swift/$(PLATFORM_NAME)\"",
					"\"$(inherited)\"",
				);
				MTL_ENABLE_DEBUG_INFO = YES;
				ONLY_ACTIVE_ARCH = YES;
				OTHER_CPLUSPLUSFLAGS = (
					"$(OTHER_CFLAGS)",
					"-DFOLLY_NO_CONFIG",
					"-DFOLLY_MOBILE=1",
					"-DFOLLY_USE_LIBCPP=1",
				);
				REACT_NATIVE_PATH = "${PODS_ROOT}/../../node_modules/react-native";
				SDKROOT = iphoneos;
			};
			name = Debug;
		};
		83CBBA211A601CBA00E9B192 /* Release */ = {
			isa = XCBuildConfiguration;
			buildSettings = {
				ALWAYS_SEARCH_USER_PATHS = NO;
				CLANG_ANALYZER_LOCALIZABILITY_NONLOCALIZED = YES;
				CLANG_CXX_LANGUAGE_STANDARD = "c++17";
				CLANG_CXX_LIBRARY = "libc++";
				CLANG_ENABLE_MODULES = YES;
				CLANG_ENABLE_OBJC_ARC = YES;
				CLANG_WARN_BLOCK_CAPTURE_AUTORELEASING = YES;
				CLANG_WARN_BOOL_CONVERSION = YES;
				CLANG_WARN_COMMA = YES;
				CLANG_WARN_CONSTANT_CONVERSION = YES;
				CLANG_WARN_DEPRECATED_OBJC_IMPLEMENTATIONS = YES;
				CLANG_WARN_DIRECT_OBJC_ISA_USAGE = YES_ERROR;
				CLANG_WARN_EMPTY_BODY = YES;
				CLANG_WARN_ENUM_CONVERSION = YES;
				CLANG_WARN_INFINITE_RECURSION = YES;
				CLANG_WARN_INT_CONVERSION = YES;
				CLANG_WARN_NON_LITERAL_NULL_CONVERSION = YES;
				CLANG_WARN_OBJC_IMPLICIT_RETAIN_SELF = YES;
				CLANG_WARN_OBJC_LITERAL_CONVERSION = YES;
				CLANG_WARN_OBJC_ROOT_CLASS = YES_ERROR;
				CLANG_WARN_QUOTED_INCLUDE_IN_FRAMEWORK_HEADER = YES;
				CLANG_WARN_RANGE_LOOP_ANALYSIS = YES;
				CLANG_WARN_STRICT_PROTOTYPES = YES;
				CLANG_WARN_SUSPICIOUS_MOVE = YES;
				CLANG_WARN_UNREACHABLE_CODE = YES;
				CLANG_WARN__DUPLICATE_METHOD_MATCH = YES;
				"CODE_SIGN_IDENTITY[sdk=iphoneos*]" = "iPhone Developer";
				COPY_PHASE_STRIP = YES;
				ENABLE_NS_ASSERTIONS = NO;
				ENABLE_STRICT_OBJC_MSGSEND = YES;
				"EXCLUDED_ARCHS[sdk=iphonesimulator*]" = i386;
				GCC_C_LANGUAGE_STANDARD = gnu99;
				GCC_NO_COMMON_BLOCKS = YES;
				GCC_WARN_64_TO_32_BIT_CONVERSION = YES;
				GCC_WARN_ABOUT_RETURN_TYPE = YES_ERROR;
				GCC_WARN_UNDECLARED_SELECTOR = YES;
				GCC_WARN_UNINITIALIZED_AUTOS = YES_AGGRESSIVE;
				GCC_WARN_UNUSED_FUNCTION = YES;
				GCC_WARN_UNUSED_VARIABLE = YES;
				IPHONEOS_DEPLOYMENT_TARGET = 12.4;
				LD_RUNPATH_SEARCH_PATHS = (
					/usr/lib/swift,
					"$(inherited)",
				);
				LIBRARY_SEARCH_PATHS = (
					"\"$(SDKROOT)/usr/lib/swift\"",
					"\"$(TOOLCHAIN_DIR)/usr/lib/swift/$(PLATFORM_NAME)\"",
					"\"$(inherited)\"",
				);
				MTL_ENABLE_DEBUG_INFO = NO;
				OTHER_CPLUSPLUSFLAGS = (
					"$(OTHER_CFLAGS)",
					"-DFOLLY_NO_CONFIG",
					"-DFOLLY_MOBILE=1",
					"-DFOLLY_USE_LIBCPP=1",
				);
				REACT_NATIVE_PATH = "${PODS_ROOT}/../../node_modules/react-native";
				SDKROOT = iphoneos;
				VALIDATE_PRODUCT = YES;
			};
			name = Release;
		};
/* End XCBuildConfiguration section */

/* Begin XCConfigurationList section */
		00E357021AD99517003FC87E /* Build configuration list for PBXNativeTarget "dleeganportfolioTests" */ = {
			isa = XCConfigurationList;
			buildConfigurations = (
				00E356F61AD99517003FC87E /* Debug */,
				00E356F71AD99517003FC87E /* Release */,
			);
			defaultConfigurationIsVisible = 0;
			defaultConfigurationName = Release;
		};
		13B07F931A680F5B00A75B9A /* Build configuration list for PBXNativeTarget "dleeganportfolio" */ = {
			isa = XCConfigurationList;
			buildConfigurations = (
				13B07F941A680F5B00A75B9A /* Debug */,
				13B07F951A680F5B00A75B9A /* Release */,
			);
			defaultConfigurationIsVisible = 0;
			defaultConfigurationName = Release;
		};
		83CBB9FA1A601CBA00E9B192 /* Build configuration list for PBXProject "dleeganportfolio" */ = {
			isa = XCConfigurationList;
			buildConfigurations = (
				83CBBA201A601CBA00E9B192 /* Debug */,
				83CBBA211A601CBA00E9B192 /* Release */,
			);
			defaultConfigurationIsVisible = 0;
			defaultConfigurationName = Release;
		};
/* End XCConfigurationList section */
	};
	rootObject = 83CBB9F71A601CBA00E9B192 /* Project object */;
}
